
Microsoft Visual Studio Solution File, Format Version 12.00
# Visual Studio Version 17
VisualStudioVersion = 17.5.002.0
MinimumVisualStudioVersion = 10.0.40219.1
Project("{9A19103F-16F7-4668-BE54-9A1E7A4F7556}") = "Question1", "Question1.csproj", "{8F40A9D9-D702-4121-B931-D497B7EE07A7}"
EndProject
Global
	GlobalSection(SolutionConfigurationPlatforms) = preSolution
		Debug|Any CPU = Debug|Any CPU
		Release|Any CPU = Release|Any CPU
	EndGlobalSection
	GlobalSection(ProjectConfigurationPlatforms) = postSolution
		{8F40A9D9-D702-4121-B931-D497B7EE07A7}.Debug|Any CPU.ActiveCfg = Debug|Any CPU
		{8F40A9D9-D702-4121-B931-D497B7EE07A7}.Debug|Any CPU.Build.0 = Debug|Any CPU
		{8F40A9D9-D702-4121-B931-D497B7EE07A7}.Release|Any CPU.ActiveCfg = Release|Any CPU
		{8F40A9D9-D702-4121-B931-D497B7EE07A7}.Release|Any CPU.Build.0 = Release|Any CPU
	EndGlobalSection
	GlobalSection(SolutionProperties) = preSolution
		HideSolutionNode = FALSE
	EndGlobalSection
	GlobalSection(ExtensibilityGlobals) = postSolution
		SolutionGuid = {08A83277-4BA5-404A-8503-6AF45085BD56}
	EndGlobalSection
EndGlobal
