
Microsoft Visual Studio Solution File, Format Version 12.00
# Visual Studio Version 17
VisualStudioVersion = 17.5.002.0
MinimumVisualStudioVersion = 10.0.40219.1
Project("{9A19103F-16F7-4668-BE54-9A1E7A4F7556}") = "Question9", "Question9.csproj", "{20691618-C85C-473E-9041-51E931583563}"
EndProject
Global
	GlobalSection(SolutionConfigurationPlatforms) = preSolution
		Debug|Any CPU = Debug|Any CPU
		Release|Any CPU = Release|Any CPU
	EndGlobalSection
	GlobalSection(ProjectConfigurationPlatforms) = postSolution
		{20691618-C85C-473E-9041-51E931583563}.Debug|Any CPU.ActiveCfg = Debug|Any CPU
		{20691618-C85C-473E-9041-51E931583563}.Debug|Any CPU.Build.0 = Debug|Any CPU
		{20691618-C85C-473E-9041-51E931583563}.Release|Any CPU.ActiveCfg = Release|Any CPU
		{20691618-C85C-473E-9041-51E931583563}.Release|Any CPU.Build.0 = Release|Any CPU
	EndGlobalSection
	GlobalSection(SolutionProperties) = preSolution
		HideSolutionNode = FALSE
	EndGlobalSection
	GlobalSection(ExtensibilityGlobals) = postSolution
		SolutionGuid = {F835B9AF-D2F6-4449-95D5-60AD967BBCB9}
	EndGlobalSection
EndGlobal
