
Microsoft Visual Studio Solution File, Format Version 12.00
# Visual Studio Version 17
VisualStudioVersion = 17.5.002.0
MinimumVisualStudioVersion = 10.0.40219.1
Project("{9A19103F-16F7-4668-BE54-9A1E7A4F7556}") = "Question14", "Question14.csproj", "{BE171D3A-C014-4F45-8EE7-451B6BD7F319}"
EndProject
Global
	GlobalSection(SolutionConfigurationPlatforms) = preSolution
		Debug|Any CPU = Debug|Any CPU
		Release|Any CPU = Release|Any CPU
	EndGlobalSection
	GlobalSection(ProjectConfigurationPlatforms) = postSolution
		{BE171D3A-C014-4F45-8EE7-451B6BD7F319}.Debug|Any CPU.ActiveCfg = Debug|Any CPU
		{BE171D3A-C014-4F45-8EE7-451B6BD7F319}.Debug|Any CPU.Build.0 = Debug|Any CPU
		{BE171D3A-C014-4F45-8EE7-451B6BD7F319}.Release|Any CPU.ActiveCfg = Release|Any CPU
		{BE171D3A-C014-4F45-8EE7-451B6BD7F319}.Release|Any CPU.Build.0 = Release|Any CPU
	EndGlobalSection
	GlobalSection(SolutionProperties) = preSolution
		HideSolutionNode = FALSE
	EndGlobalSection
	GlobalSection(ExtensibilityGlobals) = postSolution
		SolutionGuid = {CE468D37-9D03-405C-B580-BB5CA50CDA04}
	EndGlobalSection
EndGlobal
