
Microsoft Visual Studio Solution File, Format Version 12.00
# Visual Studio Version 17
VisualStudioVersion = 17.0.31903.59
MinimumVisualStudioVersion = 10.0.40219.1
Project("{FAE04EC0-301F-11D3-BF4B-00C04F79EFBC}") = "Question1", "Question1\Question1.csproj", "{31B084E9-6CD9-485C-A5F2-026CB8FCC9D9}"
EndProject
Project("{FAE04EC0-301F-11D3-BF4B-00C04F79EFBC}") = "Question2", "Question2\Question2.csproj", "{62B12C0F-C168-482B-8C8F-73585FF18A8D}"
EndProject
Project("{FAE04EC0-301F-11D3-BF4B-00C04F79EFBC}") = "Question3", "Question3\Question3.csproj", "{41457BBA-9F83-4FC0-9F2B-9A3990D30006}"
EndProject
Project("{FAE04EC0-301F-11D3-BF4B-00C04F79EFBC}") = "Question4", "Question4\Question4.csproj", "{A40D5334-56E6-47CD-B99B-AFB431246EC8}"
EndProject
Project("{FAE04EC0-301F-11D3-BF4B-00C04F79EFBC}") = "Question5", "Question5\Question5.csproj", "{AAF655CA-50DF-4636-A584-8D4B08628BA1}"
EndProject
Project("{FAE04EC0-301F-11D3-BF4B-00C04F79EFBC}") = "Question6", "Question6\Question6.csproj", "{28DE2BAB-0138-4FF2-9B7E-E002A2AE6911}"
EndProject
Project("{FAE04EC0-301F-11D3-BF4B-00C04F79EFBC}") = "Question7", "Question7\Question7.csproj", "{A083262A-B059-4344-8892-06DEB9A6EFA2}"
EndProject
Project("{FAE04EC0-301F-11D3-BF4B-00C04F79EFBC}") = "Question8", "Question8\Question8.csproj", "{D24E8EC0-7D68-4344-8218-4E872CCA007B}"
EndProject
Project("{FAE04EC0-301F-11D3-BF4B-00C04F79EFBC}") = "Question9", "Question9\Question9.csproj", "{D2B7C6E7-3732-49D2-9909-FC1C630521C6}"
EndProject
Project("{FAE04EC0-301F-11D3-BF4B-00C04F79EFBC}") = "Question10", "Question10\Question10.csproj", "{307A3AE6-A433-40E4-BAC8-21555BA52E2A}"
EndProject
Project("{FAE04EC0-301F-11D3-BF4B-00C04F79EFBC}") = "Question11", "Question11\Question11.csproj", "{08AF64AA-7FEB-4AE8-9E2C-4FADA93A7334}"
EndProject
Project("{FAE04EC0-301F-11D3-BF4B-00C04F79EFBC}") = "Question12", "Question12\Question12.csproj", "{1CBB49A2-5403-4EDE-8724-8A985A123F78}"
EndProject
Project("{FAE04EC0-301F-11D3-BF4B-00C04F79EFBC}") = "Question13", "Question13\Question13.csproj", "{0645DE30-0C56-4C29-930C-75EC9E4178B5}"
EndProject
Project("{FAE04EC0-301F-11D3-BF4B-00C04F79EFBC}") = "Question14", "Question14\Question14.csproj", "{F0940A37-70FF-4A64-A1EA-F6717E117E56}"
EndProject
Project("{FAE04EC0-301F-11D3-BF4B-00C04F79EFBC}") = "Question15", "Question15\Question15.csproj", "{0458788A-82A5-4BFE-80AC-CAB32F5D9EB1}"
EndProject
Project("{FAE04EC0-301F-11D3-BF4B-00C04F79EFBC}") = "Question16", "Question16\Question16.csproj", "{DE10167F-35B1-409F-9989-4C93D67D294B}"
EndProject
Project("{FAE04EC0-301F-11D3-BF4B-00C04F79EFBC}") = "Question17", "Question17\Question17.csproj", "{AFBA3F2A-90F2-4787-941C-3319370FFA7E}"
EndProject
Project("{FAE04EC0-301F-11D3-BF4B-00C04F79EFBC}") = "Question18", "Question18\Question18.csproj", "{C6D0DEEA-319C-46EE-8E9C-5570F3AEBB66}"
EndProject
Project("{FAE04EC0-301F-11D3-BF4B-00C04F79EFBC}") = "Question19", "Question19\Question19.csproj", "{D38E454B-AC5C-48D6-ACCE-3C130A6B661D}"
EndProject
Project("{FAE04EC0-301F-11D3-BF4B-00C04F79EFBC}") = "Question20", "Question20\Question20.csproj", "{ECA20679-F206-414C-8323-A201C0441343}"
EndProject
Global
	GlobalSection(SolutionConfigurationPlatforms) = preSolution
		Debug|Any CPU = Debug|Any CPU
		Release|Any CPU = Release|Any CPU
	EndGlobalSection
	GlobalSection(SolutionProperties) = preSolution
		HideSolutionNode = FALSE
	EndGlobalSection
	GlobalSection(ProjectConfigurationPlatforms) = postSolution
		{31B084E9-6CD9-485C-A5F2-026CB8FCC9D9}.Debug|Any CPU.ActiveCfg = Debug|Any CPU
		{31B084E9-6CD9-485C-A5F2-026CB8FCC9D9}.Debug|Any CPU.Build.0 = Debug|Any CPU
		{31B084E9-6CD9-485C-A5F2-026CB8FCC9D9}.Release|Any CPU.ActiveCfg = Release|Any CPU
		{31B084E9-6CD9-485C-A5F2-026CB8FCC9D9}.Release|Any CPU.Build.0 = Release|Any CPU
		{62B12C0F-C168-482B-8C8F-73585FF18A8D}.Debug|Any CPU.ActiveCfg = Debug|Any CPU
		{62B12C0F-C168-482B-8C8F-73585FF18A8D}.Debug|Any CPU.Build.0 = Debug|Any CPU
		{62B12C0F-C168-482B-8C8F-73585FF18A8D}.Release|Any CPU.ActiveCfg = Release|Any CPU
		{62B12C0F-C168-482B-8C8F-73585FF18A8D}.Release|Any CPU.Build.0 = Release|Any CPU
		{41457BBA-9F83-4FC0-9F2B-9A3990D30006}.Debug|Any CPU.ActiveCfg = Debug|Any CPU
		{41457BBA-9F83-4FC0-9F2B-9A3990D30006}.Debug|Any CPU.Build.0 = Debug|Any CPU
		{41457BBA-9F83-4FC0-9F2B-9A3990D30006}.Release|Any CPU.ActiveCfg = Release|Any CPU
		{41457BBA-9F83-4FC0-9F2B-9A3990D30006}.Release|Any CPU.Build.0 = Release|Any CPU
		{A40D5334-56E6-47CD-B99B-AFB431246EC8}.Debug|Any CPU.ActiveCfg = Debug|Any CPU
		{A40D5334-56E6-47CD-B99B-AFB431246EC8}.Debug|Any CPU.Build.0 = Debug|Any CPU
		{A40D5334-56E6-47CD-B99B-AFB431246EC8}.Release|Any CPU.ActiveCfg = Release|Any CPU
		{A40D5334-56E6-47CD-B99B-AFB431246EC8}.Release|Any CPU.Build.0 = Release|Any CPU
		{AAF655CA-50DF-4636-A584-8D4B08628BA1}.Debug|Any CPU.ActiveCfg = Debug|Any CPU
		{AAF655CA-50DF-4636-A584-8D4B08628BA1}.Debug|Any CPU.Build.0 = Debug|Any CPU
		{AAF655CA-50DF-4636-A584-8D4B08628BA1}.Release|Any CPU.ActiveCfg = Release|Any CPU
		{AAF655CA-50DF-4636-A584-8D4B08628BA1}.Release|Any CPU.Build.0 = Release|Any CPU
		{28DE2BAB-0138-4FF2-9B7E-E002A2AE6911}.Debug|Any CPU.ActiveCfg = Debug|Any CPU
		{28DE2BAB-0138-4FF2-9B7E-E002A2AE6911}.Debug|Any CPU.Build.0 = Debug|Any CPU
		{28DE2BAB-0138-4FF2-9B7E-E002A2AE6911}.Release|Any CPU.ActiveCfg = Release|Any CPU
		{28DE2BAB-0138-4FF2-9B7E-E002A2AE6911}.Release|Any CPU.Build.0 = Release|Any CPU
		{A083262A-B059-4344-8892-06DEB9A6EFA2}.Debug|Any CPU.ActiveCfg = Debug|Any CPU
		{A083262A-B059-4344-8892-06DEB9A6EFA2}.Debug|Any CPU.Build.0 = Debug|Any CPU
		{A083262A-B059-4344-8892-06DEB9A6EFA2}.Release|Any CPU.ActiveCfg = Release|Any CPU
		{A083262A-B059-4344-8892-06DEB9A6EFA2}.Release|Any CPU.Build.0 = Release|Any CPU
		{D24E8EC0-7D68-4344-8218-4E872CCA007B}.Debug|Any CPU.ActiveCfg = Debug|Any CPU
		{D24E8EC0-7D68-4344-8218-4E872CCA007B}.Debug|Any CPU.Build.0 = Debug|Any CPU
		{D24E8EC0-7D68-4344-8218-4E872CCA007B}.Release|Any CPU.ActiveCfg = Release|Any CPU
		{D24E8EC0-7D68-4344-8218-4E872CCA007B}.Release|Any CPU.Build.0 = Release|Any CPU
		{D2B7C6E7-3732-49D2-9909-FC1C630521C6}.Debug|Any CPU.ActiveCfg = Debug|Any CPU
		{D2B7C6E7-3732-49D2-9909-FC1C630521C6}.Debug|Any CPU.Build.0 = Debug|Any CPU
		{D2B7C6E7-3732-49D2-9909-FC1C630521C6}.Release|Any CPU.ActiveCfg = Release|Any CPU
		{D2B7C6E7-3732-49D2-9909-FC1C630521C6}.Release|Any CPU.Build.0 = Release|Any CPU
		{307A3AE6-A433-40E4-BAC8-21555BA52E2A}.Debug|Any CPU.ActiveCfg = Debug|Any CPU
		{307A3AE6-A433-40E4-BAC8-21555BA52E2A}.Debug|Any CPU.Build.0 = Debug|Any CPU
		{307A3AE6-A433-40E4-BAC8-21555BA52E2A}.Release|Any CPU.ActiveCfg = Release|Any CPU
		{307A3AE6-A433-40E4-BAC8-21555BA52E2A}.Release|Any CPU.Build.0 = Release|Any CPU
		{08AF64AA-7FEB-4AE8-9E2C-4FADA93A7334}.Debug|Any CPU.ActiveCfg = Debug|Any CPU
		{08AF64AA-7FEB-4AE8-9E2C-4FADA93A7334}.Debug|Any CPU.Build.0 = Debug|Any CPU
		{08AF64AA-7FEB-4AE8-9E2C-4FADA93A7334}.Release|Any CPU.ActiveCfg = Release|Any CPU
		{08AF64AA-7FEB-4AE8-9E2C-4FADA93A7334}.Release|Any CPU.Build.0 = Release|Any CPU
		{1CBB49A2-5403-4EDE-8724-8A985A123F78}.Debug|Any CPU.ActiveCfg = Debug|Any CPU
		{1CBB49A2-5403-4EDE-8724-8A985A123F78}.Debug|Any CPU.Build.0 = Debug|Any CPU
		{1CBB49A2-5403-4EDE-8724-8A985A123F78}.Release|Any CPU.ActiveCfg = Release|Any CPU
		{1CBB49A2-5403-4EDE-8724-8A985A123F78}.Release|Any CPU.Build.0 = Release|Any CPU
		{0645DE30-0C56-4C29-930C-75EC9E4178B5}.Debug|Any CPU.ActiveCfg = Debug|Any CPU
		{0645DE30-0C56-4C29-930C-75EC9E4178B5}.Debug|Any CPU.Build.0 = Debug|Any CPU
		{0645DE30-0C56-4C29-930C-75EC9E4178B5}.Release|Any CPU.ActiveCfg = Release|Any CPU
		{0645DE30-0C56-4C29-930C-75EC9E4178B5}.Release|Any CPU.Build.0 = Release|Any CPU
		{F0940A37-70FF-4A64-A1EA-F6717E117E56}.Debug|Any CPU.ActiveCfg = Debug|Any CPU
		{F0940A37-70FF-4A64-A1EA-F6717E117E56}.Debug|Any CPU.Build.0 = Debug|Any CPU
		{F0940A37-70FF-4A64-A1EA-F6717E117E56}.Release|Any CPU.ActiveCfg = Release|Any CPU
		{F0940A37-70FF-4A64-A1EA-F6717E117E56}.Release|Any CPU.Build.0 = Release|Any CPU
		{0458788A-82A5-4BFE-80AC-CAB32F5D9EB1}.Debug|Any CPU.ActiveCfg = Debug|Any CPU
		{0458788A-82A5-4BFE-80AC-CAB32F5D9EB1}.Debug|Any CPU.Build.0 = Debug|Any CPU
		{0458788A-82A5-4BFE-80AC-CAB32F5D9EB1}.Release|Any CPU.ActiveCfg = Release|Any CPU
		{0458788A-82A5-4BFE-80AC-CAB32F5D9EB1}.Release|Any CPU.Build.0 = Release|Any CPU
		{DE10167F-35B1-409F-9989-4C93D67D294B}.Debug|Any CPU.ActiveCfg = Debug|Any CPU
		{DE10167F-35B1-409F-9989-4C93D67D294B}.Debug|Any CPU.Build.0 = Debug|Any CPU
		{DE10167F-35B1-409F-9989-4C93D67D294B}.Release|Any CPU.ActiveCfg = Release|Any CPU
		{DE10167F-35B1-409F-9989-4C93D67D294B}.Release|Any CPU.Build.0 = Release|Any CPU
		{AFBA3F2A-90F2-4787-941C-3319370FFA7E}.Debug|Any CPU.ActiveCfg = Debug|Any CPU
		{AFBA3F2A-90F2-4787-941C-3319370FFA7E}.Debug|Any CPU.Build.0 = Debug|Any CPU
		{AFBA3F2A-90F2-4787-941C-3319370FFA7E}.Release|Any CPU.ActiveCfg = Release|Any CPU
		{AFBA3F2A-90F2-4787-941C-3319370FFA7E}.Release|Any CPU.Build.0 = Release|Any CPU
		{C6D0DEEA-319C-46EE-8E9C-5570F3AEBB66}.Debug|Any CPU.ActiveCfg = Debug|Any CPU
		{C6D0DEEA-319C-46EE-8E9C-5570F3AEBB66}.Debug|Any CPU.Build.0 = Debug|Any CPU
		{C6D0DEEA-319C-46EE-8E9C-5570F3AEBB66}.Release|Any CPU.ActiveCfg = Release|Any CPU
		{C6D0DEEA-319C-46EE-8E9C-5570F3AEBB66}.Release|Any CPU.Build.0 = Release|Any CPU
		{D38E454B-AC5C-48D6-ACCE-3C130A6B661D}.Debug|Any CPU.ActiveCfg = Debug|Any CPU
		{D38E454B-AC5C-48D6-ACCE-3C130A6B661D}.Debug|Any CPU.Build.0 = Debug|Any CPU
		{D38E454B-AC5C-48D6-ACCE-3C130A6B661D}.Release|Any CPU.ActiveCfg = Release|Any CPU
		{D38E454B-AC5C-48D6-ACCE-3C130A6B661D}.Release|Any CPU.Build.0 = Release|Any CPU
		{ECA20679-F206-414C-8323-A201C0441343}.Debug|Any CPU.ActiveCfg = Debug|Any CPU
		{ECA20679-F206-414C-8323-A201C0441343}.Debug|Any CPU.Build.0 = Debug|Any CPU
		{ECA20679-F206-414C-8323-A201C0441343}.Release|Any CPU.ActiveCfg = Release|Any CPU
		{ECA20679-F206-414C-8323-A201C0441343}.Release|Any CPU.Build.0 = Release|Any CPU
	EndGlobalSection
EndGlobal
