
Microsoft Visual Studio Solution File, Format Version 12.00
# Visual Studio Version 17
VisualStudioVersion = 17.5.002.0
MinimumVisualStudioVersion = 10.0.40219.1
Project("{9A19103F-16F7-4668-BE54-9A1E7A4F7556}") = "Question1", "Question1.csproj", "{F3B348DD-39D4-407A-A604-B26318ECDEFA}"
EndProject
Global
	GlobalSection(SolutionConfigurationPlatforms) = preSolution
		Debug|Any CPU = Debug|Any CPU
		Release|Any CPU = Release|Any CPU
	EndGlobalSection
	GlobalSection(ProjectConfigurationPlatforms) = postSolution
		{F3B348DD-39D4-407A-A604-B26318ECDEFA}.Debug|Any CPU.ActiveCfg = Debug|Any CPU
		{F3B348DD-39D4-407A-A604-B26318ECDEFA}.Debug|Any CPU.Build.0 = Debug|Any CPU
		{F3B348DD-39D4-407A-A604-B26318ECDEFA}.Release|Any CPU.ActiveCfg = Release|Any CPU
		{F3B348DD-39D4-407A-A604-B26318ECDEFA}.Release|Any CPU.Build.0 = Release|Any CPU
	EndGlobalSection
	GlobalSection(SolutionProperties) = preSolution
		HideSolutionNode = FALSE
	EndGlobalSection
	GlobalSection(ExtensibilityGlobals) = postSolution
		SolutionGuid = {EED349BE-5C0B-483C-94F8-AB9F97543963}
	EndGlobalSection
EndGlobal
