
Microsoft Visual Studio Solution File, Format Version 12.00
# Visual Studio Version 17
VisualStudioVersion = 17.5.002.0
MinimumVisualStudioVersion = 10.0.40219.1
Project("{9A19103F-16F7-4668-BE54-9A1E7A4F7556}") = "Question5", "Question5.csproj", "{7EA858BC-4123-4040-A1A8-4F376F7AFFE8}"
EndProject
Global
	GlobalSection(SolutionConfigurationPlatforms) = preSolution
		Debug|Any CPU = Debug|Any CPU
		Release|Any CPU = Release|Any CPU
	EndGlobalSection
	GlobalSection(ProjectConfigurationPlatforms) = postSolution
		{7EA858BC-4123-4040-A1A8-4F376F7AFFE8}.Debug|Any CPU.ActiveCfg = Debug|Any CPU
		{7EA858BC-4123-4040-A1A8-4F376F7AFFE8}.Debug|Any CPU.Build.0 = Debug|Any CPU
		{7EA858BC-4123-4040-A1A8-4F376F7AFFE8}.Release|Any CPU.ActiveCfg = Release|Any CPU
		{7EA858BC-4123-4040-A1A8-4F376F7AFFE8}.Release|Any CPU.Build.0 = Release|Any CPU
	EndGlobalSection
	GlobalSection(SolutionProperties) = preSolution
		HideSolutionNode = FALSE
	EndGlobalSection
	GlobalSection(ExtensibilityGlobals) = postSolution
		SolutionGuid = {195F0D65-5117-4563-905D-B59E7B587DB8}
	EndGlobalSection
EndGlobal
