
Microsoft Visual Studio Solution File, Format Version 12.00
# Visual Studio Version 17
VisualStudioVersion = 17.5.002.0
MinimumVisualStudioVersion = 10.0.40219.1
Project("{9A19103F-16F7-4668-BE54-9A1E7A4F7556}") = "Question1", "Question1.csproj", "{C99196E2-0451-466D-A408-6F5728F1F6E2}"
EndProject
Global
	GlobalSection(SolutionConfigurationPlatforms) = preSolution
		Debug|Any CPU = Debug|Any CPU
		Release|Any CPU = Release|Any CPU
	EndGlobalSection
	GlobalSection(ProjectConfigurationPlatforms) = postSolution
		{C99196E2-0451-466D-A408-6F5728F1F6E2}.Debug|Any CPU.ActiveCfg = Debug|Any CPU
		{C99196E2-0451-466D-A408-6F5728F1F6E2}.Debug|Any CPU.Build.0 = Debug|Any CPU
		{C99196E2-0451-466D-A408-6F5728F1F6E2}.Release|Any CPU.ActiveCfg = Release|Any CPU
		{C99196E2-0451-466D-A408-6F5728F1F6E2}.Release|Any CPU.Build.0 = Release|Any CPU
	EndGlobalSection
	GlobalSection(SolutionProperties) = preSolution
		HideSolutionNode = FALSE
	EndGlobalSection
	GlobalSection(ExtensibilityGlobals) = postSolution
		SolutionGuid = {DAA3662F-63A3-44FC-9C41-1F94CFC1EFB6}
	EndGlobalSection
EndGlobal
